// !$*UTF8*$!
{
	archiveVersion = 1;
	classes = {
	};
	objectVersion = 50;
	objects = {

/* Begin PBXBuildFile section */
		C1B55E292480083D00AE59FD /* AppDelegate.swift in Sources */ = {isa = PBXBuildFile; fileRef = C1B55E282480083D00AE59FD /* AppDelegate.swift */; };
		C1B55E2B2480083D00AE59FD /* SceneDelegate.swift in Sources */ = {isa = PBXBuildFile; fileRef = C1B55E2A2480083D00AE59FD /* SceneDelegate.swift */; };
		C1B55E2D2480083D00AE59FD /* ViewController.swift in Sources */ = {isa = PBXBuildFile; fileRef = C1B55E2C2480083D00AE59FD /* ViewController.swift */; };
		C1B55E302480083D00AE59FD /* Main.storyboard in Resources */ = {isa = PBXBuildFile; fileRef = C1B55E2E2480083D00AE59FD /* Main.storyboard */; };
		C1B55E322480084000AE59FD /* Assets.xcassets in Resources */ = {isa = PBXBuildFile; fileRef = C1B55E312480084000AE59FD /* Assets.xcassets */; };
		C1B55E352480084000AE59FD /* LaunchScreen.storyboard in Resources */ = {isa = PBXBuildFile; fileRef = C1B55E332480084000AE59FD /* LaunchScreen.storyboard */; };
		C1B55E402480084000AE59FD /* ________Tests.swift in Sources */ = {isa = PBXBuildFile; fileRef = C1B55E3F2480084000AE59FD /* ________Tests.swift */; };
		C1B55E4B2480084000AE59FD /* ________UITests.swift in Sources */ = {isa = PBXBuildFile; fileRef = C1B55E4A2480084000AE59FD /* ________UITests.swift */; };
/* End PBXBuildFile section */

/* Begin PBXContainerItemProxy section */
		C1B55E3C2480084000AE59FD /* PBXContainerItemProxy */ = {
			isa = PBXContainerItemProxy;
			containerPortal = C1B55E1D2480083D00AE59FD /* Project object */;
			proxyType = 1;
			remoteGlobalIDString = C1B55E242480083D00AE59FD;
			remoteInfo = "0.音视频的采集";
		};
		C1B55E472480084000AE59FD /* PBXContainerItemProxy */ = {
			isa = PBXContainerItemProxy;
			containerPortal = C1B55E1D2480083D00AE59FD /* Project object */;
			proxyType = 1;
			remoteGlobalIDString = C1B55E242480083D00AE59FD;
			remoteInfo = "0.音视频的采集";
		};
/* End PBXContainerItemProxy section */

/* Begin PBXFileReference section */
		C1B55E252480083D00AE59FD /* 0.音视频的采集.app */ = {isa = PBXFileReference; explicitFileType = wrapper.application; includeInIndex = 0; path = "0.音视频的采集.app"; sourceTree = BUILT_PRODUCTS_DIR; };
		C1B55E282480083D00AE59FD /* AppDelegate.swift */ = {isa = PBXFileReference; lastKnownFileType = sourcecode.swift; path = AppDelegate.swift; sourceTree = "<group>"; };
		C1B55E2A2480083D00AE59FD /* SceneDelegate.swift */ = {isa = PBXFileReference; lastKnownFileType = sourcecode.swift; path = SceneDelegate.swift; sourceTree = "<group>"; };
		C1B55E2C2480083D00AE59FD /* ViewController.swift */ = {isa = PBXFileReference; lastKnownFileType = sourcecode.swift; path = ViewController.swift; sourceTree = "<group>"; };
		C1B55E2F2480083D00AE59FD /* Base */ = {isa = PBXFileReference; lastKnownFileType = file.storyboard; name = Base; path = Base.lproj/Main.storyboard; sourceTree = "<group>"; };
		C1B55E312480084000AE59FD /* Assets.xcassets */ = {isa = PBXFileReference; lastKnownFileType = folder.assetcatalog; path = Assets.xcassets; sourceTree = "<group>"; };
		C1B55E342480084000AE59FD /* Base */ = {isa = PBXFileReference; lastKnownFileType = file.storyboard; name = Base; path = Base.lproj/LaunchScreen.storyboard; sourceTree = "<group>"; };
		C1B55E362480084000AE59FD /* Info.plist */ = {isa = PBXFileReference; lastKnownFileType = text.plist.xml; path = Info.plist; sourceTree = "<group>"; };
		C1B55E3B2480084000AE59FD /* 0.音视频的采集Tests.xctest */ = {isa = PBXFileReference; explicitFileType = wrapper.cfbundle; includeInIndex = 0; path = "0.音视频的采集Tests.xctest"; sourceTree = BUILT_PRODUCTS_DIR; };
		C1B55E3F2480084000AE59FD /* ________Tests.swift */ = {isa = PBXFileReference; lastKnownFileType = sourcecode.swift; path = "________Tests.swift"; sourceTree = "<group>"; };
		C1B55E412480084000AE59FD /* Info.plist */ = {isa = PBXFileReference; lastKnownFileType = text.plist.xml; path = Info.plist; sourceTree = "<group>"; };
		C1B55E462480084000AE59FD /* 0.音视频的采集UITests.xctest */ = {isa = PBXFileReference; explicitFileType = wrapper.cfbundle; includeInIndex = 0; path = "0.音视频的采集UITests.xctest"; sourceTree = BUILT_PRODUCTS_DIR; };
		C1B55E4A2480084000AE59FD /* ________UITests.swift */ = {isa = PBXFileReference; lastKnownFileType = sourcecode.swift; path = "________UITests.swift"; sourceTree = "<group>"; };
		C1B55E4C2480084000AE59FD /* Info.plist */ = {isa = PBXFileReference; lastKnownFileType = text.plist.xml; path = Info.plist; sourceTree = "<group>"; };
/* End PBXFileReference section */

/* Begin PBXFrameworksBuildPhase section */
		C1B55E222480083D00AE59FD /* Frameworks */ = {
			isa = PBXFrameworksBuildPhase;
			buildActionMask = 2147483647;
			files = (
			);
			runOnlyForDeploymentPostprocessing = 0;
		};
		C1B55E382480084000AE59FD /* Frameworks */ = {
			isa = PBXFrameworksBuildPhase;
			buildActionMask = 2147483647;
			files = (
			);
			runOnlyForDeploymentPostprocessing = 0;
		};
		C1B55E432480084000AE59FD /* Frameworks */ = {
			isa = PBXFrameworksBuildPhase;
			buildActionMask = 2147483647;
			files = (
			);
			runOnlyForDeploymentPostprocessing = 0;
		};
/* End PBXFrameworksBuildPhase section */

/* Begin PBXGroup section */
		C1B55E1C2480083D00AE59FD = {
			isa = PBXGroup;
			children = (
				C1B55E272480083D00AE59FD /* 0.音视频的采集 */,
				C1B55E3E2480084000AE59FD /* 0.音视频的采集Tests */,
				C1B55E492480084000AE59FD /* 0.音视频的采集UITests */,
				C1B55E262480083D00AE59FD /* Products */,
			);
			sourceTree = "<group>";
		};
		C1B55E262480083D00AE59FD /* Products */ = {
			isa = PBXGroup;
			children = (
				C1B55E252480083D00AE59FD /* 0.音视频的采集.app */,
				C1B55E3B2480084000AE59FD /* 0.音视频的采集Tests.xctest */,
				C1B55E462480084000AE59FD /* 0.音视频的采集UITests.xctest */,
			);
			name = Products;
			sourceTree = "<group>";
		};
		C1B55E272480083D00AE59FD /* 0.音视频的采集 */ = {
			isa = PBXGroup;
			children = (
				C1B55E282480083D00AE59FD /* AppDelegate.swift */,
				C1B55E2A2480083D00AE59FD /* SceneDelegate.swift */,
				C1B55E2C2480083D00AE59FD /* ViewController.swift */,
				C1B55E2E2480083D00AE59FD /* Main.storyboard */,
				C1B55E312480084000AE59FD /* Assets.xcassets */,
				C1B55E332480084000AE59FD /* LaunchScreen.storyboard */,
				C1B55E362480084000AE59FD /* Info.plist */,
			);
			path = "0.音视频的采集";
			sourceTree = "<group>";
		};
		C1B55E3E2480084000AE59FD /* 0.音视频的采集Tests */ = {
			isa = PBXGroup;
			children = (
				C1B55E3F2480084000AE59FD /* ________Tests.swift */,
				C1B55E412480084000AE59FD /* Info.plist */,
			);
			path = "0.音视频的采集Tests";
			sourceTree = "<group>";
		};
		C1B55E492480084000AE59FD /* 0.音视频的采集UITests */ = {
			isa = PBXGroup;
			children = (
				C1B55E4A2480084000AE59FD /* ________UITests.swift */,
				C1B55E4C2480084000AE59FD /* Info.plist */,
			);
			path = "0.音视频的采集UITests";
			sourceTree = "<group>";
		};
/* End PBXGroup section */

/* Begin PBXNativeTarget section */
		C1B55E242480083D00AE59FD /* 0.音视频的采集 */ = {
			isa = PBXNativeTarget;
			buildConfigurationList = C1B55E4F2480084000AE59FD /* Build configuration list for PBXNativeTarget "0.音视频的采集" */;
			buildPhases = (
				C1B55E212480083D00AE59FD /* Sources */,
				C1B55E222480083D00AE59FD /* Frameworks */,
				C1B55E232480083D00AE59FD /* Resources */,
			);
			buildRules = (
			);
			dependencies = (
			);
			name = "0.音视频的采集";
			productName = "0.音视频的采集";
			productReference = C1B55E252480083D00AE59FD /* 0.音视频的采集.app */;
			productType = "com.apple.product-type.application";
		};
		C1B55E3A2480084000AE59FD /* 0.音视频的采集Tests */ = {
			isa = PBXNativeTarget;
			buildConfigurationList = C1B55E522480084000AE59FD /* Build configuration list for PBXNativeTarget "0.音视频的采集Tests" */;
			buildPhases = (
				C1B55E372480084000AE59FD /* Sources */,
				C1B55E382480084000AE59FD /* Frameworks */,
				C1B55E392480084000AE59FD /* Resources */,
			);
			buildRules = (
			);
			dependencies = (
				C1B55E3D2480084000AE59FD /* PBXTargetDependency */,
			);
			name = "0.音视频的采集Tests";
			productName = "0.音视频的采集Tests";
			productReference = C1B55E3B2480084000AE59FD /* 0.音视频的采集Tests.xctest */;
			productType = "com.apple.product-type.bundle.unit-test";
		};
		C1B55E452480084000AE59FD /* 0.音视频的采集UITests */ = {
			isa = PBXNativeTarget;
			buildConfigurationList = C1B55E552480084000AE59FD /* Build configuration list for PBXNativeTarget "0.音视频的采集UITests" */;
			buildPhases = (
				C1B55E422480084000AE59FD /* Sources */,
				C1B55E432480084000AE59FD /* Frameworks */,
				C1B55E442480084000AE59FD /* Resources */,
			);
			buildRules = (
			);
			dependencies = (
				C1B55E482480084000AE59FD /* PBXTargetDependency */,
			);
			name = "0.音视频的采集UITests";
			productName = "0.音视频的采集UITests";
			productReference = C1B55E462480084000AE59FD /* 0.音视频的采集UITests.xctest */;
			productType = "com.apple.product-type.bundle.ui-testing";
		};
/* End PBXNativeTarget section */

/* Begin PBXProject section */
		C1B55E1D2480083D00AE59FD /* Project object */ = {
			isa = PBXProject;
			attributes = {
				LastSwiftUpdateCheck = 1130;
				LastUpgradeCheck = 1130;
				ORGANIZATIONNAME = "梁森";
				TargetAttributes = {
					C1B55E242480083D00AE59FD = {
						CreatedOnToolsVersion = 11.3;
					};
					C1B55E3A2480084000AE59FD = {
						CreatedOnToolsVersion = 11.3;
						TestTargetID = C1B55E242480083D00AE59FD;
					};
					C1B55E452480084000AE59FD = {
						CreatedOnToolsVersion = 11.3;
						TestTargetID = C1B55E242480083D00AE59FD;
					};
				};
			};
			buildConfigurationList = C1B55E202480083D00AE59FD /* Build configuration list for PBXProject "0.音视频的采集" */;
			compatibilityVersion = "Xcode 9.3";
			developmentRegion = en;
			hasScannedForEncodings = 0;
			knownRegions = (
				en,
				Base,
			);
			mainGroup = C1B55E1C2480083D00AE59FD;
			productRefGroup = C1B55E262480083D00AE59FD /* Products */;
			projectDirPath = "";
			projectRoot = "";
			targets = (
				C1B55E242480083D00AE59FD /* 0.音视频的采集 */,
				C1B55E3A2480084000AE59FD /* 0.音视频的采集Tests */,
				C1B55E452480084000AE59FD /* 0.音视频的采集UITests */,
			);
		};
/* End PBXProject section */

/* Begin PBXResourcesBuildPhase section */
		C1B55E232480083D00AE59FD /* Resources */ = {
			isa = PBXResourcesBuildPhase;
			buildActionMask = 2147483647;
			files = (
				C1B55E352480084000AE59FD /* LaunchScreen.storyboard in Resources */,
				C1B55E322480084000AE59FD /* Assets.xcassets in Resources */,
				C1B55E302480083D00AE59FD /* Main.storyboard in Resources */,
			);
			runOnlyForDeploymentPostprocessing = 0;
		};
		C1B55E392480084000AE59FD /* Resources */ = {
			isa = PBXResourcesBuildPhase;
			buildActionMask = 2147483647;
			files = (
			);
			runOnlyForDeploymentPostprocessing = 0;
		};
		C1B55E442480084000AE59FD /* Resources */ = {
			isa = PBXResourcesBuildPhase;
			buildActionMask = 2147483647;
			files = (
			);
			runOnlyForDeploymentPostprocessing = 0;
		};
/* End PBXResourcesBuildPhase section */

/* Begin PBXSourcesBuildPhase section */
		C1B55E212480083D00AE59FD /* Sources */ = {
			isa = PBXSourcesBuildPhase;
			buildActionMask = 2147483647;
			files = (
				C1B55E2D2480083D00AE59FD /* ViewController.swift in Sources */,
				C1B55E292480083D00AE59FD /* AppDelegate.swift in Sources */,
				C1B55E2B2480083D00AE59FD /* SceneDelegate.swift in Sources */,
			);
			runOnlyForDeploymentPostprocessing = 0;
		};
		C1B55E372480084000AE59FD /* Sources */ = {
			isa = PBXSourcesBuildPhase;
			buildActionMask = 2147483647;
			files = (
				C1B55E402480084000AE59FD /* ________Tests.swift in Sources */,
			);
			runOnlyForDeploymentPostprocessing = 0;
		};
		C1B55E422480084000AE59FD /* Sources */ = {
			isa = PBXSourcesBuildPhase;
			buildActionMask = 2147483647;
			files = (
				C1B55E4B2480084000AE59FD /* ________UITests.swift in Sources */,
			);
			runOnlyForDeploymentPostprocessing = 0;
		};
/* End PBXSourcesBuildPhase section */

/* Begin PBXTargetDependency section */
		C1B55E3D2480084000AE59FD /* PBXTargetDependency */ = {
			isa = PBXTargetDependency;
			target = C1B55E242480083D00AE59FD /* 0.音视频的采集 */;
			targetProxy = C1B55E3C2480084000AE59FD /* PBXContainerItemProxy */;
		};
		C1B55E482480084000AE59FD /* PBXTargetDependency */ = {
			isa = PBXTargetDependency;
			target = C1B55E242480083D00AE59FD /* 0.音视频的采集 */;
			targetProxy = C1B55E472480084000AE59FD /* PBXContainerItemProxy */;
		};
/* End PBXTargetDependency section */

/* Begin PBXVariantGroup section */
		C1B55E2E2480083D00AE59FD /* Main.storyboard */ = {
			isa = PBXVariantGroup;
			children = (
				C1B55E2F2480083D00AE59FD /* Base */,
			);
			name = Main.storyboard;
			sourceTree = "<group>";
		};
		C1B55E332480084000AE59FD /* LaunchScreen.storyboard */ = {
			isa = PBXVariantGroup;
			children = (
				C1B55E342480084000AE59FD /* Base */,
			);
			name = LaunchScreen.storyboard;
			sourceTree = "<group>";
		};
/* End PBXVariantGroup section */

/* Begin XCBuildConfiguration section */
		C1B55E4D2480084000AE59FD /* Debug */ = {
			isa = XCBuildConfiguration;
			buildSettings = {
				ALWAYS_SEARCH_USER_PATHS = NO;
				CLANG_ANALYZER_NONNULL = YES;
				CLANG_ANALYZER_NUMBER_OBJECT_CONVERSION = YES_AGGRESSIVE;
				CLANG_CXX_LANGUAGE_STANDARD = "gnu++14";
				CLANG_CXX_LIBRARY = "libc++";
				CLANG_ENABLE_MODULES = YES;
				CLANG_ENABLE_OBJC_ARC = YES;
				CLANG_ENABLE_OBJC_WEAK = YES;
				CLANG_WARN_BLOCK_CAPTURE_AUTORELEASING = YES;
				CLANG_WARN_BOOL_CONVERSION = YES;
				CLANG_WARN_COMMA = YES;
				CLANG_WARN_CONSTANT_CONVERSION = YES;
				CLANG_WARN_DEPRECATED_OBJC_IMPLEMENTATIONS = YES;
				CLANG_WARN_DIRECT_OBJC_ISA_USAGE = YES_ERROR;
				CLANG_WARN_DOCUMENTATION_COMMENTS = YES;
				CLANG_WARN_EMPTY_BODY = YES;
				CLANG_WARN_ENUM_CONVERSION = YES;
				CLANG_WARN_INFINITE_RECURSION = YES;
				CLANG_WARN_INT_CONVERSION = YES;
				CLANG_WARN_NON_LITERAL_NULL_CONVERSION = YES;
				CLANG_WARN_OBJC_IMPLICIT_RETAIN_SELF = YES;
				CLANG_WARN_OBJC_LITERAL_CONVERSION = YES;
				CLANG_WARN_OBJC_ROOT_CLASS = YES_ERROR;
				CLANG_WARN_RANGE_LOOP_ANALYSIS = YES;
				CLANG_WARN_STRICT_PROTOTYPES = YES;
				CLANG_WARN_SUSPICIOUS_MOVE = YES;
				CLANG_WARN_UNGUARDED_AVAILABILITY = YES_AGGRESSIVE;
				CLANG_WARN_UNREACHABLE_CODE = YES;
				CLANG_WARN__DUPLICATE_METHOD_MATCH = YES;
				COPY_PHASE_STRIP = NO;
				DEBUG_INFORMATION_FORMAT = dwarf;
				ENABLE_STRICT_OBJC_MSGSEND = YES;
				ENABLE_TESTABILITY = YES;
				GCC_C_LANGUAGE_STANDARD = gnu11;
				GCC_DYNAMIC_NO_PIC = NO;
				GCC_NO_COMMON_BLOCKS = YES;
				GCC_OPTIMIZATION_LEVEL = 0;
				GCC_PREPROCESSOR_DEFINITIONS = (
					"DEBUG=1",
					"$(inherited)",
				);
				GCC_WARN_64_TO_32_BIT_CONVERSION = YES;
				GCC_WARN_ABOUT_RETURN_TYPE = YES_ERROR;
				GCC_WARN_UNDECLARED_SELECTOR = YES;
				GCC_WARN_UNINITIALIZED_AUTOS = YES_AGGRESSIVE;
				GCC_WARN_UNUSED_FUNCTION = YES;
				GCC_WARN_UNUSED_VARIABLE = YES;
				IPHONEOS_DEPLOYMENT_TARGET = 13.2;
				MTL_ENABLE_DEBUG_INFO = INCLUDE_SOURCE;
				MTL_FAST_MATH = YES;
				ONLY_ACTIVE_ARCH = YES;
				SDKROOT = iphoneos;
				SWIFT_ACTIVE_COMPILATION_CONDITIONS = DEBUG;
				SWIFT_OPTIMIZATION_LEVEL = "-Onone";
			};
			name = Debug;
		};
		C1B55E4E2480084000AE59FD /* Release */ = {
			isa = XCBuildConfiguration;
			buildSettings = {
				ALWAYS_SEARCH_USER_PATHS = NO;
				CLANG_ANALYZER_NONNULL = YES;
				CLANG_ANALYZER_NUMBER_OBJECT_CONVERSION = YES_AGGRESSIVE;
				CLANG_CXX_LANGUAGE_STANDARD = "gnu++14";
				CLANG_CXX_LIBRARY = "libc++";
				CLANG_ENABLE_MODULES = YES;
				CLANG_ENABLE_OBJC_ARC = YES;
				CLANG_ENABLE_OBJC_WEAK = YES;
				CLANG_WARN_BLOCK_CAPTURE_AUTORELEASING = YES;
				CLANG_WARN_BOOL_CONVERSION = YES;
				CLANG_WARN_COMMA = YES;
				CLANG_WARN_CONSTANT_CONVERSION = YES;
				CLANG_WARN_DEPRECATED_OBJC_IMPLEMENTATIONS = YES;
				CLANG_WARN_DIRECT_OBJC_ISA_USAGE = YES_ERROR;
				CLANG_WARN_DOCUMENTATION_COMMENTS = YES;
				CLANG_WARN_EMPTY_BODY = YES;
				CLANG_WARN_ENUM_CONVERSION = YES;
				CLANG_WARN_INFINITE_RECURSION = YES;
				CLANG_WARN_INT_CONVERSION = YES;
				CLANG_WARN_NON_LITERAL_NULL_CONVERSION = YES;
				CLANG_WARN_OBJC_IMPLICIT_RETAIN_SELF = YES;
				CLANG_WARN_OBJC_LITERAL_CONVERSION = YES;
				CLANG_WARN_OBJC_ROOT_CLASS = YES_ERROR;
				CLANG_WARN_RANGE_LOOP_ANALYSIS = YES;
				CLANG_WARN_STRICT_PROTOTYPES = YES;
				CLANG_WARN_SUSPICIOUS_MOVE = YES;
				CLANG_WARN_UNGUARDED_AVAILABILITY = YES_AGGRESSIVE;
				CLANG_WARN_UNREACHABLE_CODE = YES;
				CLANG_WARN__DUPLICATE_METHOD_MATCH = YES;
				COPY_PHASE_STRIP = NO;
				DEBUG_INFORMATION_FORMAT = "dwarf-with-dsym";
				ENABLE_NS_ASSERTIONS = NO;
				ENABLE_STRICT_OBJC_MSGSEND = YES;
				GCC_C_LANGUAGE_STANDARD = gnu11;
				GCC_NO_COMMON_BLOCKS = YES;
				GCC_WARN_64_TO_32_BIT_CONVERSION = YES;
				GCC_WARN_ABOUT_RETURN_TYPE = YES_ERROR;
				GCC_WARN_UNDECLARED_SELECTOR = YES;
				GCC_WARN_UNINITIALIZED_AUTOS = YES_AGGRESSIVE;
				GCC_WARN_UNUSED_FUNCTION = YES;
				GCC_WARN_UNUSED_VARIABLE = YES;
				IPHONEOS_DEPLOYMENT_TARGET = 13.2;
				MTL_ENABLE_DEBUG_INFO = NO;
				MTL_FAST_MATH = YES;
				SDKROOT = iphoneos;
				SWIFT_COMPILATION_MODE = wholemodule;
				SWIFT_OPTIMIZATION_LEVEL = "-O";
				VALIDATE_PRODUCT = YES;
			};
			name = Release;
		};
		C1B55E502480084000AE59FD /* Debug */ = {
			isa = XCBuildConfiguration;
			buildSettings = {
				ASSETCATALOG_COMPILER_APPICON_NAME = AppIcon;
				CODE_SIGN_STYLE = Automatic;
				DEVELOPMENT_TEAM = 58GP5T8P44;
				INFOPLIST_FILE = "0.音视频的采集/Info.plist";
				LD_RUNPATH_SEARCH_PATHS = (
					"$(inherited)",
					"@executable_path/Frameworks",
				);
				PRODUCT_BUNDLE_IDENTIFIER = "com.ls.ls.--------";
				PRODUCT_NAME = "$(TARGET_NAME)";
				SWIFT_VERSION = 5.0;
				TARGETED_DEVICE_FAMILY = "1,2";
			};
			name = Debug;
		};
		C1B55E512480084000AE59FD /* Release */ = {
			isa = XCBuildConfiguration;
			buildSettings = {
				ASSETCATALOG_COMPILER_APPICON_NAME = AppIcon;
				CODE_SIGN_STYLE = Automatic;
				DEVELOPMENT_TEAM = 58GP5T8P44;
				INFOPLIST_FILE = "0.音视频的采集/Info.plist";
				LD_RUNPATH_SEARCH_PATHS = (
					"$(inherited)",
					"@executable_path/Frameworks",
				);
				PRODUCT_BUNDLE_IDENTIFIER = "com.ls.ls.--------";
				PRODUCT_NAME = "$(TARGET_NAME)";
				SWIFT_VERSION = 5.0;
				TARGETED_DEVICE_FAMILY = "1,2";
			};
			name = Release;
		};
		C1B55E532480084000AE59FD /* Debug */ = {
			isa = XCBuildConfiguration;
			buildSettings = {
				ALWAYS_EMBED_SWIFT_STANDARD_LIBRARIES = YES;
				BUNDLE_LOADER = "$(TEST_HOST)";
				CODE_SIGN_STYLE = Automatic;
				DEVELOPMENT_TEAM = 58GP5T8P44;
				INFOPLIST_FILE = "0.音视频的采集Tests/Info.plist";
				IPHONEOS_DEPLOYMENT_TARGET = 13.2;
				LD_RUNPATH_SEARCH_PATHS = (
					"$(inherited)",
					"@executable_path/Frameworks",
					"@loader_path/Frameworks",
				);
				PRODUCT_BUNDLE_IDENTIFIER = "com.ls.ls.--------Tests";
				PRODUCT_NAME = "$(TARGET_NAME)";
				SWIFT_VERSION = 5.0;
				TARGETED_DEVICE_FAMILY = "1,2";
				TEST_HOST = "$(BUILT_PRODUCTS_DIR)/0.音视频的采集.app/0.音视频的采集";
			};
			name = Debug;
		};
		C1B55E542480084000AE59FD /* Release */ = {
			isa = XCBuildConfiguration;
			buildSettings = {
				ALWAYS_EMBED_SWIFT_STANDARD_LIBRARIES = YES;
				BUNDLE_LOADER = "$(TEST_HOST)";
				CODE_SIGN_STYLE = Automatic;
				DEVELOPMENT_TEAM = 58GP5T8P44;
				INFOPLIST_FILE = "0.音视频的采集Tests/Info.plist";
				IPHONEOS_DEPLOYMENT_TARGET = 13.2;
				LD_RUNPATH_SEARCH_PATHS = (
					"$(inherited)",
					"@executable_path/Frameworks",
					"@loader_path/Frameworks",
				);
				PRODUCT_BUNDLE_IDENTIFIER = "com.ls.ls.--------Tests";
				PRODUCT_NAME = "$(TARGET_NAME)";
				SWIFT_VERSION = 5.0;
				TARGETED_DEVICE_FAMILY = "1,2";
				TEST_HOST = "$(BUILT_PRODUCTS_DIR)/0.音视频的采集.app/0.音视频的采集";
			};
			name = Release;
		};
		C1B55E562480084000AE59FD /* Debug */ = {
			isa = XCBuildConfiguration;
			buildSettings = {
				ALWAYS_EMBED_SWIFT_STANDARD_LIBRARIES = YES;
				CODE_SIGN_STYLE = Automatic;
				DEVELOPMENT_TEAM = 58GP5T8P44;
				INFOPLIST_FILE = "0.音视频的采集UITests/Info.plist";
				LD_RUNPATH_SEARCH_PATHS = (
					"$(inherited)",
					"@executable_path/Frameworks",
					"@loader_path/Frameworks",
				);
				PRODUCT_BUNDLE_IDENTIFIER = "com.ls.ls.--------UITests";
				PRODUCT_NAME = "$(TARGET_NAME)";
				SWIFT_VERSION = 5.0;
				TARGETED_DEVICE_FAMILY = "1,2";
				TEST_TARGET_NAME = "0.音视频的采集";
			};
			name = Debug;
		};
		C1B55E572480084000AE59FD /* Release */ = {
			isa = XCBuildConfiguration;
			buildSettings = {
				ALWAYS_EMBED_SWIFT_STANDARD_LIBRARIES = YES;
				CODE_SIGN_STYLE = Automatic;
				DEVELOPMENT_TEAM = 58GP5T8P44;
				INFOPLIST_FILE = "0.音视频的采集UITests/Info.plist";
				LD_RUNPATH_SEARCH_PATHS = (
					"$(inherited)",
					"@executable_path/Frameworks",
					"@loader_path/Frameworks",
				);
				PRODUCT_BUNDLE_IDENTIFIER = "com.ls.ls.--------UITests";
				PRODUCT_NAME = "$(TARGET_NAME)";
				SWIFT_VERSION = 5.0;
				TARGETED_DEVICE_FAMILY = "1,2";
				TEST_TARGET_NAME = "0.音视频的采集";
			};
			name = Release;
		};
/* End XCBuildConfiguration section */

/* Begin XCConfigurationList section */
		C1B55E202480083D00AE59FD /* Build configuration list for PBXProject "0.音视频的采集" */ = {
			isa = XCConfigurationList;
			buildConfigurations = (
				C1B55E4D2480084000AE59FD /* Debug */,
				C1B55E4E2480084000AE59FD /* Release */,
			);
			defaultConfigurationIsVisible = 0;
			defaultConfigurationName = Release;
		};
		C1B55E4F2480084000AE59FD /* Build configuration list for PBXNativeTarget "0.音视频的采集" */ = {
			isa = XCConfigurationList;
			buildConfigurations = (
				C1B55E502480084000AE59FD /* Debug */,
				C1B55E512480084000AE59FD /* Release */,
			);
			defaultConfigurationIsVisible = 0;
			defaultConfigurationName = Release;
		};
		C1B55E522480084000AE59FD /* Build configuration list for PBXNativeTarget "0.音视频的采集Tests" */ = {
			isa = XCConfigurationList;
			buildConfigurations = (
				C1B55E532480084000AE59FD /* Debug */,
				C1B55E542480084000AE59FD /* Release */,
			);
			defaultConfigurationIsVisible = 0;
			defaultConfigurationName = Release;
		};
		C1B55E552480084000AE59FD /* Build configuration list for PBXNativeTarget "0.音视频的采集UITests" */ = {
			isa = XCConfigurationList;
			buildConfigurations = (
				C1B55E562480084000AE59FD /* Debug */,
				C1B55E572480084000AE59FD /* Release */,
			);
			defaultConfigurationIsVisible = 0;
			defaultConfigurationName = Release;
		};
/* End XCConfigurationList section */
	};
	rootObject = C1B55E1D2480083D00AE59FD /* Project object */;
}
